
Microsoft Visual Studio Solution File, Format Version 12.00
# Visual Studio Version 16
VisualStudioVersion = 16.0.31105.61
MinimumVisualStudioVersion = 10.0.40219.1
Project("{FAE04EC0-301F-11D3-BF4B-00C04F79EFBC}") = "ppcasm_cs", "ppcasm_cs\ppcasm_cs.csproj", "{D7B05604-9633-4E57-9FD3-1E6F5956B0F6}"
EndProject
Global
	GlobalSection(SolutionConfigurationPlatforms) = preSolution
		Debug|Any CPU = Debug|Any CPU
		Release|Any CPU = Release|Any CPU
	EndGlobalSection
	GlobalSection(ProjectConfigurationPlatforms) = postSolution
		{D7B05604-9633-4E57-9FD3-1E6F5956B0F6}.Debug|Any CPU.ActiveCfg = Debug|Any CPU
		{D7B05604-9633-4E57-9FD3-1E6F5956B0F6}.Debug|Any CPU.Build.0 = Debug|Any CPU
		{D7B05604-9633-4E57-9FD3-1E6F5956B0F6}.Release|Any CPU.ActiveCfg = Release|Any CPU
		{D7B05604-9633-4E57-9FD3-1E6F5956B0F6}.Release|Any CPU.Build.0 = Release|Any CPU
	EndGlobalSection
	GlobalSection(SolutionProperties) = preSolution
		HideSolutionNode = FALSE
	EndGlobalSection
	GlobalSection(ExtensibilityGlobals) = postSolution
		SolutionGuid = {EDEEF7D4-E49C-44A9-91B0-90C2E9CB4035}
	EndGlobalSection
EndGlobal
